
Microsoft Visual Studio Solution File, Format Version 12.00
# Visual Studio Version 16
VisualStudioVersion = 16.0.29215.179
MinimumVisualStudioVersion = 10.0.40219.1
Project("{FAE04EC0-301F-11D3-BF4B-00C04F79EFBC}") = "n01353378_Assignment_1b", "n01353378_Assignment_1b\n01353378_Assignment_1b.csproj", "{358116DB-F9C1-43F6-8CE1-A40B20D51F2B}"
EndProject
Global
	GlobalSection(SolutionConfigurationPlatforms) = preSolution
		Debug|Any CPU = Debug|Any CPU
		Release|Any CPU = Release|Any CPU
	EndGlobalSection
	GlobalSection(ProjectConfigurationPlatforms) = postSolution
		{358116DB-F9C1-43F6-8CE1-A40B20D51F2B}.Debug|Any CPU.ActiveCfg = Debug|Any CPU
		{358116DB-F9C1-43F6-8CE1-A40B20D51F2B}.Debug|Any CPU.Build.0 = Debug|Any CPU
		{358116DB-F9C1-43F6-8CE1-A40B20D51F2B}.Release|Any CPU.ActiveCfg = Release|Any CPU
		{358116DB-F9C1-43F6-8CE1-A40B20D51F2B}.Release|Any CPU.Build.0 = Release|Any CPU
	EndGlobalSection
	GlobalSection(SolutionProperties) = preSolution
		HideSolutionNode = FALSE
	EndGlobalSection
	GlobalSection(ExtensibilityGlobals) = postSolution
		SolutionGuid = {EA720957-EC17-4FAD-AFAC-F23B0331C3AC}
	EndGlobalSection
EndGlobal
